// !$*UTF8*$!
{
	archiveVersion = 1;
	classes = {
	};
	objectVersion = 55;
	objects = {

/* Begin PBXBuildFile section */
		8CC5CF7427BAC3E900F60301 /* AppDelegate.swift in Sources */ = {isa = PBXBuildFile; fileRef = 8CC5CF7327BAC3E900F60301 /* AppDelegate.swift */; };
		8CC5CF7627BAC3E900F60301 /* SceneDelegate.swift in Sources */ = {isa = PBXBuildFile; fileRef = 8CC5CF7527BAC3E900F60301 /* SceneDelegate.swift */; };
		8CC5CF7827BAC3E900F60301 /* ViewController.swift in Sources */ = {isa = PBXBuildFile; fileRef = 8CC5CF7727BAC3E900F60301 /* ViewController.swift */; };
		8CC5CF7B27BAC3E900F60301 /* Main.storyboard in Resources */ = {isa = PBXBuildFile; fileRef = 8CC5CF7927BAC3E900F60301 /* Main.storyboard */; };
		8CC5CF7D27BAC3EA00F60301 /* Assets.xcassets in Resources */ = {isa = PBXBuildFile; fileRef = 8CC5CF7C27BAC3EA00F60301 /* Assets.xcassets */; };
		8CC5CF8027BAC3EA00F60301 /* LaunchScreen.storyboard in Resources */ = {isa = PBXBuildFile; fileRef = 8CC5CF7E27BAC3EA00F60301 /* LaunchScreen.storyboard */; };
		8CC5CF8B27BAC3EB00F60301 /* CleanTranslatorTests.swift in Sources */ = {isa = PBXBuildFile; fileRef = 8CC5CF8A27BAC3EB00F60301 /* CleanTranslatorTests.swift */; };
		8CC5CF9527BAC3EB00F60301 /* CleanTranslatorUITests.swift in Sources */ = {isa = PBXBuildFile; fileRef = 8CC5CF9427BAC3EB00F60301 /* CleanTranslatorUITests.swift */; };
		8CC5CF9727BAC3EB00F60301 /* CleanTranslatorUITestsLaunchTests.swift in Sources */ = {isa = PBXBuildFile; fileRef = 8CC5CF9627BAC3EB00F60301 /* CleanTranslatorUITestsLaunchTests.swift */; };
/* End PBXBuildFile section */

/* Begin PBXContainerItemProxy section */
		8CC5CF8727BAC3EB00F60301 /* PBXContainerItemProxy */ = {
			isa = PBXContainerItemProxy;
			containerPortal = 8CC5CF6827BAC3E900F60301 /* Project object */;
			proxyType = 1;
			remoteGlobalIDString = 8CC5CF6F27BAC3E900F60301;
			remoteInfo = CleanTranslator;
		};
		8CC5CF9127BAC3EB00F60301 /* PBXContainerItemProxy */ = {
			isa = PBXContainerItemProxy;
			containerPortal = 8CC5CF6827BAC3E900F60301 /* Project object */;
			proxyType = 1;
			remoteGlobalIDString = 8CC5CF6F27BAC3E900F60301;
			remoteInfo = CleanTranslator;
		};
/* End PBXContainerItemProxy section */

/* Begin PBXFileReference section */
		8CC5CF7027BAC3E900F60301 /* CleanTranslator.app */ = {isa = PBXFileReference; explicitFileType = wrapper.application; includeInIndex = 0; path = CleanTranslator.app; sourceTree = BUILT_PRODUCTS_DIR; };
		8CC5CF7327BAC3E900F60301 /* AppDelegate.swift */ = {isa = PBXFileReference; lastKnownFileType = sourcecode.swift; path = AppDelegate.swift; sourceTree = "<group>"; };
		8CC5CF7527BAC3E900F60301 /* SceneDelegate.swift */ = {isa = PBXFileReference; lastKnownFileType = sourcecode.swift; path = SceneDelegate.swift; sourceTree = "<group>"; };
		8CC5CF7727BAC3E900F60301 /* ViewController.swift */ = {isa = PBXFileReference; lastKnownFileType = sourcecode.swift; path = ViewController.swift; sourceTree = "<group>"; };
		8CC5CF7A27BAC3E900F60301 /* Base */ = {isa = PBXFileReference; lastKnownFileType = file.storyboard; name = Base; path = Base.lproj/Main.storyboard; sourceTree = "<group>"; };
		8CC5CF7C27BAC3EA00F60301 /* Assets.xcassets */ = {isa = PBXFileReference; lastKnownFileType = folder.assetcatalog; path = Assets.xcassets; sourceTree = "<group>"; };
		8CC5CF7F27BAC3EA00F60301 /* Base */ = {isa = PBXFileReference; lastKnownFileType = file.storyboard; name = Base; path = Base.lproj/LaunchScreen.storyboard; sourceTree = "<group>"; };
		8CC5CF8127BAC3EA00F60301 /* Info.plist */ = {isa = PBXFileReference; lastKnownFileType = text.plist.xml; path = Info.plist; sourceTree = "<group>"; };
		8CC5CF8627BAC3EB00F60301 /* CleanTranslatorTests.xctest */ = {isa = PBXFileReference; explicitFileType = wrapper.cfbundle; includeInIndex = 0; path = CleanTranslatorTests.xctest; sourceTree = BUILT_PRODUCTS_DIR; };
		8CC5CF8A27BAC3EB00F60301 /* CleanTranslatorTests.swift */ = {isa = PBXFileReference; lastKnownFileType = sourcecode.swift; path = CleanTranslatorTests.swift; sourceTree = "<group>"; };
		8CC5CF9027BAC3EB00F60301 /* CleanTranslatorUITests.xctest */ = {isa = PBXFileReference; explicitFileType = wrapper.cfbundle; includeInIndex = 0; path = CleanTranslatorUITests.xctest; sourceTree = BUILT_PRODUCTS_DIR; };
		8CC5CF9427BAC3EB00F60301 /* CleanTranslatorUITests.swift */ = {isa = PBXFileReference; lastKnownFileType = sourcecode.swift; path = CleanTranslatorUITests.swift; sourceTree = "<group>"; };
		8CC5CF9627BAC3EB00F60301 /* CleanTranslatorUITestsLaunchTests.swift */ = {isa = PBXFileReference; lastKnownFileType = sourcecode.swift; path = CleanTranslatorUITestsLaunchTests.swift; sourceTree = "<group>"; };
/* End PBXFileReference section */

/* Begin PBXFrameworksBuildPhase section */
		8CC5CF6D27BAC3E900F60301 /* Frameworks */ = {
			isa = PBXFrameworksBuildPhase;
			buildActionMask = 2147483647;
			files = (
			);
			runOnlyForDeploymentPostprocessing = 0;
		};
		8CC5CF8327BAC3EB00F60301 /* Frameworks */ = {
			isa = PBXFrameworksBuildPhase;
			buildActionMask = 2147483647;
			files = (
			);
			runOnlyForDeploymentPostprocessing = 0;
		};
		8CC5CF8D27BAC3EB00F60301 /* Frameworks */ = {
			isa = PBXFrameworksBuildPhase;
			buildActionMask = 2147483647;
			files = (
			);
			runOnlyForDeploymentPostprocessing = 0;
		};
/* End PBXFrameworksBuildPhase section */

/* Begin PBXGroup section */
		8CC5CF6727BAC3E900F60301 = {
			isa = PBXGroup;
			children = (
				8CC5CF7227BAC3E900F60301 /* CleanTranslator */,
				8CC5CF8927BAC3EB00F60301 /* CleanTranslatorTests */,
				8CC5CF9327BAC3EB00F60301 /* CleanTranslatorUITests */,
				8CC5CF7127BAC3E900F60301 /* Products */,
			);
			sourceTree = "<group>";
		};
		8CC5CF7127BAC3E900F60301 /* Products */ = {
			isa = PBXGroup;
			children = (
				8CC5CF7027BAC3E900F60301 /* CleanTranslator.app */,
				8CC5CF8627BAC3EB00F60301 /* CleanTranslatorTests.xctest */,
				8CC5CF9027BAC3EB00F60301 /* CleanTranslatorUITests.xctest */,
			);
			name = Products;
			sourceTree = "<group>";
		};
		8CC5CF7227BAC3E900F60301 /* CleanTranslator */ = {
			isa = PBXGroup;
			children = (
				8CC5CF7327BAC3E900F60301 /* AppDelegate.swift */,
				8CC5CF7527BAC3E900F60301 /* SceneDelegate.swift */,
				8CC5CF7727BAC3E900F60301 /* ViewController.swift */,
				8CC5CF7927BAC3E900F60301 /* Main.storyboard */,
				8CC5CF7C27BAC3EA00F60301 /* Assets.xcassets */,
				8CC5CF7E27BAC3EA00F60301 /* LaunchScreen.storyboard */,
				8CC5CF8127BAC3EA00F60301 /* Info.plist */,
			);
			path = CleanTranslator;
			sourceTree = "<group>";
		};
		8CC5CF8927BAC3EB00F60301 /* CleanTranslatorTests */ = {
			isa = PBXGroup;
			children = (
				8CC5CF8A27BAC3EB00F60301 /* CleanTranslatorTests.swift */,
			);
			path = CleanTranslatorTests;
			sourceTree = "<group>";
		};
		8CC5CF9327BAC3EB00F60301 /* CleanTranslatorUITests */ = {
			isa = PBXGroup;
			children = (
				8CC5CF9427BAC3EB00F60301 /* CleanTranslatorUITests.swift */,
				8CC5CF9627BAC3EB00F60301 /* CleanTranslatorUITestsLaunchTests.swift */,
			);
			path = CleanTranslatorUITests;
			sourceTree = "<group>";
		};
/* End PBXGroup section */

/* Begin PBXNativeTarget section */
		8CC5CF6F27BAC3E900F60301 /* CleanTranslator */ = {
			isa = PBXNativeTarget;
			buildConfigurationList = 8CC5CF9A27BAC3EB00F60301 /* Build configuration list for PBXNativeTarget "CleanTranslator" */;
			buildPhases = (
				8CC5CF6C27BAC3E900F60301 /* Sources */,
				8CC5CF6D27BAC3E900F60301 /* Frameworks */,
				8CC5CF6E27BAC3E900F60301 /* Resources */,
			);
			buildRules = (
			);
			dependencies = (
			);
			name = CleanTranslator;
			productName = CleanTranslator;
			productReference = 8CC5CF7027BAC3E900F60301 /* CleanTranslator.app */;
			productType = "com.apple.product-type.application";
		};
		8CC5CF8527BAC3EB00F60301 /* CleanTranslatorTests */ = {
			isa = PBXNativeTarget;
			buildConfigurationList = 8CC5CF9D27BAC3EB00F60301 /* Build configuration list for PBXNativeTarget "CleanTranslatorTests" */;
			buildPhases = (
				8CC5CF8227BAC3EB00F60301 /* Sources */,
				8CC5CF8327BAC3EB00F60301 /* Frameworks */,
				8CC5CF8427BAC3EB00F60301 /* Resources */,
			);
			buildRules = (
			);
			dependencies = (
				8CC5CF8827BAC3EB00F60301 /* PBXTargetDependency */,
			);
			name = CleanTranslatorTests;
			productName = CleanTranslatorTests;
			productReference = 8CC5CF8627BAC3EB00F60301 /* CleanTranslatorTests.xctest */;
			productType = "com.apple.product-type.bundle.unit-test";
		};
		8CC5CF8F27BAC3EB00F60301 /* CleanTranslatorUITests */ = {
			isa = PBXNativeTarget;
			buildConfigurationList = 8CC5CFA027BAC3EB00F60301 /* Build configuration list for PBXNativeTarget "CleanTranslatorUITests" */;
			buildPhases = (
				8CC5CF8C27BAC3EB00F60301 /* Sources */,
				8CC5CF8D27BAC3EB00F60301 /* Frameworks */,
				8CC5CF8E27BAC3EB00F60301 /* Resources */,
			);
			buildRules = (
			);
			dependencies = (
				8CC5CF9227BAC3EB00F60301 /* PBXTargetDependency */,
			);
			name = CleanTranslatorUITests;
			productName = CleanTranslatorUITests;
			productReference = 8CC5CF9027BAC3EB00F60301 /* CleanTranslatorUITests.xctest */;
			productType = "com.apple.product-type.bundle.ui-testing";
		};
/* End PBXNativeTarget section */

/* Begin PBXProject section */
		8CC5CF6827BAC3E900F60301 /* Project object */ = {
			isa = PBXProject;
			attributes = {
				BuildIndependentTargetsInParallel = 1;
				LastSwiftUpdateCheck = 1320;
				LastUpgradeCheck = 1320;
				TargetAttributes = {
					8CC5CF6F27BAC3E900F60301 = {
						CreatedOnToolsVersion = 13.2.1;
					};
					8CC5CF8527BAC3EB00F60301 = {
						CreatedOnToolsVersion = 13.2.1;
						TestTargetID = 8CC5CF6F27BAC3E900F60301;
					};
					8CC5CF8F27BAC3EB00F60301 = {
						CreatedOnToolsVersion = 13.2.1;
						TestTargetID = 8CC5CF6F27BAC3E900F60301;
					};
				};
			};
			buildConfigurationList = 8CC5CF6B27BAC3E900F60301 /* Build configuration list for PBXProject "CleanTranslator" */;
			compatibilityVersion = "Xcode 13.0";
			developmentRegion = en;
			hasScannedForEncodings = 0;
			knownRegions = (
				en,
				Base,
			);
			mainGroup = 8CC5CF6727BAC3E900F60301;
			productRefGroup = 8CC5CF7127BAC3E900F60301 /* Products */;
			projectDirPath = "";
			projectRoot = "";
			targets = (
				8CC5CF6F27BAC3E900F60301 /* CleanTranslator */,
				8CC5CF8527BAC3EB00F60301 /* CleanTranslatorTests */,
				8CC5CF8F27BAC3EB00F60301 /* CleanTranslatorUITests */,
			);
		};
/* End PBXProject section */

/* Begin PBXResourcesBuildPhase section */
		8CC5CF6E27BAC3E900F60301 /* Resources */ = {
			isa = PBXResourcesBuildPhase;
			buildActionMask = 2147483647;
			files = (
				8CC5CF8027BAC3EA00F60301 /* LaunchScreen.storyboard in Resources */,
				8CC5CF7D27BAC3EA00F60301 /* Assets.xcassets in Resources */,
				8CC5CF7B27BAC3E900F60301 /* Main.storyboard in Resources */,
			);
			runOnlyForDeploymentPostprocessing = 0;
		};
		8CC5CF8427BAC3EB00F60301 /* Resources */ = {
			isa = PBXResourcesBuildPhase;
			buildActionMask = 2147483647;
			files = (
			);
			runOnlyForDeploymentPostprocessing = 0;
		};
		8CC5CF8E27BAC3EB00F60301 /* Resources */ = {
			isa = PBXResourcesBuildPhase;
			buildActionMask = 2147483647;
			files = (
			);
			runOnlyForDeploymentPostprocessing = 0;
		};
/* End PBXResourcesBuildPhase section */

/* Begin PBXSourcesBuildPhase section */
		8CC5CF6C27BAC3E900F60301 /* Sources */ = {
			isa = PBXSourcesBuildPhase;
			buildActionMask = 2147483647;
			files = (
				8CC5CF7827BAC3E900F60301 /* ViewController.swift in Sources */,
				8CC5CF7427BAC3E900F60301 /* AppDelegate.swift in Sources */,
				8CC5CF7627BAC3E900F60301 /* SceneDelegate.swift in Sources */,
			);
			runOnlyForDeploymentPostprocessing = 0;
		};
		8CC5CF8227BAC3EB00F60301 /* Sources */ = {
			isa = PBXSourcesBuildPhase;
			buildActionMask = 2147483647;
			files = (
				8CC5CF8B27BAC3EB00F60301 /* CleanTranslatorTests.swift in Sources */,
			);
			runOnlyForDeploymentPostprocessing = 0;
		};
		8CC5CF8C27BAC3EB00F60301 /* Sources */ = {
			isa = PBXSourcesBuildPhase;
			buildActionMask = 2147483647;
			files = (
				8CC5CF9727BAC3EB00F60301 /* CleanTranslatorUITestsLaunchTests.swift in Sources */,
				8CC5CF9527BAC3EB00F60301 /* CleanTranslatorUITests.swift in Sources */,
			);
			runOnlyForDeploymentPostprocessing = 0;
		};
/* End PBXSourcesBuildPhase section */

/* Begin PBXTargetDependency section */
		8CC5CF8827BAC3EB00F60301 /* PBXTargetDependency */ = {
			isa = PBXTargetDependency;
			target = 8CC5CF6F27BAC3E900F60301 /* CleanTranslator */;
			targetProxy = 8CC5CF8727BAC3EB00F60301 /* PBXContainerItemProxy */;
		};
		8CC5CF9227BAC3EB00F60301 /* PBXTargetDependency */ = {
			isa = PBXTargetDependency;
			target = 8CC5CF6F27BAC3E900F60301 /* CleanTranslator */;
			targetProxy = 8CC5CF9127BAC3EB00F60301 /* PBXContainerItemProxy */;
		};
/* End PBXTargetDependency section */

/* Begin PBXVariantGroup section */
		8CC5CF7927BAC3E900F60301 /* Main.storyboard */ = {
			isa = PBXVariantGroup;
			children = (
				8CC5CF7A27BAC3E900F60301 /* Base */,
			);
			name = Main.storyboard;
			sourceTree = "<group>";
		};
		8CC5CF7E27BAC3EA00F60301 /* LaunchScreen.storyboard */ = {
			isa = PBXVariantGroup;
			children = (
				8CC5CF7F27BAC3EA00F60301 /* Base */,
			);
			name = LaunchScreen.storyboard;
			sourceTree = "<group>";
		};
/* End PBXVariantGroup section */

/* Begin XCBuildConfiguration section */
		8CC5CF9827BAC3EB00F60301 /* Debug */ = {
			isa = XCBuildConfiguration;
			buildSettings = {
				ALWAYS_SEARCH_USER_PATHS = NO;
				CLANG_ANALYZER_NONNULL = YES;
				CLANG_ANALYZER_NUMBER_OBJECT_CONVERSION = YES_AGGRESSIVE;
				CLANG_CXX_LANGUAGE_STANDARD = "gnu++17";
				CLANG_CXX_LIBRARY = "libc++";
				CLANG_ENABLE_MODULES = YES;
				CLANG_ENABLE_OBJC_ARC = YES;
				CLANG_ENABLE_OBJC_WEAK = YES;
				CLANG_WARN_BLOCK_CAPTURE_AUTORELEASING = YES;
				CLANG_WARN_BOOL_CONVERSION = YES;
				CLANG_WARN_COMMA = YES;
				CLANG_WARN_CONSTANT_CONVERSION = YES;
				CLANG_WARN_DEPRECATED_OBJC_IMPLEMENTATIONS = YES;
				CLANG_WARN_DIRECT_OBJC_ISA_USAGE = YES_ERROR;
				CLANG_WARN_DOCUMENTATION_COMMENTS = YES;
				CLANG_WARN_EMPTY_BODY = YES;
				CLANG_WARN_ENUM_CONVERSION = YES;
				CLANG_WARN_INFINITE_RECURSION = YES;
				CLANG_WARN_INT_CONVERSION = YES;
				CLANG_WARN_NON_LITERAL_NULL_CONVERSION = YES;
				CLANG_WARN_OBJC_IMPLICIT_RETAIN_SELF = YES;
				CLANG_WARN_OBJC_LITERAL_CONVERSION = YES;
				CLANG_WARN_OBJC_ROOT_CLASS = YES_ERROR;
				CLANG_WARN_QUOTED_INCLUDE_IN_FRAMEWORK_HEADER = YES;
				CLANG_WARN_RANGE_LOOP_ANALYSIS = YES;
				CLANG_WARN_STRICT_PROTOTYPES = YES;
				CLANG_WARN_SUSPICIOUS_MOVE = YES;
				CLANG_WARN_UNGUARDED_AVAILABILITY = YES_AGGRESSIVE;
				CLANG_WARN_UNREACHABLE_CODE = YES;
				CLANG_WARN__DUPLICATE_METHOD_MATCH = YES;
				COPY_PHASE_STRIP = NO;
				DEBUG_INFORMATION_FORMAT = dwarf;
				ENABLE_STRICT_OBJC_MSGSEND = YES;
				ENABLE_TESTABILITY = YES;
				GCC_C_LANGUAGE_STANDARD = gnu11;
				GCC_DYNAMIC_NO_PIC = NO;
				GCC_NO_COMMON_BLOCKS = YES;
				GCC_OPTIMIZATION_LEVEL = 0;
				GCC_PREPROCESSOR_DEFINITIONS = (
					"DEBUG=1",
					"$(inherited)",
				);
				GCC_WARN_64_TO_32_BIT_CONVERSION = YES;
				GCC_WARN_ABOUT_RETURN_TYPE = YES_ERROR;
				GCC_WARN_UNDECLARED_SELECTOR = YES;
				GCC_WARN_UNINITIALIZED_AUTOS = YES_AGGRESSIVE;
				GCC_WARN_UNUSED_FUNCTION = YES;
				GCC_WARN_UNUSED_VARIABLE = YES;
				IPHONEOS_DEPLOYMENT_TARGET = 15.2;
				MTL_ENABLE_DEBUG_INFO = INCLUDE_SOURCE;
				MTL_FAST_MATH = YES;
				ONLY_ACTIVE_ARCH = YES;
				SDKROOT = iphoneos;
				SWIFT_ACTIVE_COMPILATION_CONDITIONS = DEBUG;
				SWIFT_OPTIMIZATION_LEVEL = "-Onone";
			};
			name = Debug;
		};
		8CC5CF9927BAC3EB00F60301 /* Release */ = {
			isa = XCBuildConfiguration;
			buildSettings = {
				ALWAYS_SEARCH_USER_PATHS = NO;
				CLANG_ANALYZER_NONNULL = YES;
				CLANG_ANALYZER_NUMBER_OBJECT_CONVERSION = YES_AGGRESSIVE;
				CLANG_CXX_LANGUAGE_STANDARD = "gnu++17";
				CLANG_CXX_LIBRARY = "libc++";
				CLANG_ENABLE_MODULES = YES;
				CLANG_ENABLE_OBJC_ARC = YES;
				CLANG_ENABLE_OBJC_WEAK = YES;
				CLANG_WARN_BLOCK_CAPTURE_AUTORELEASING = YES;
				CLANG_WARN_BOOL_CONVERSION = YES;
				CLANG_WARN_COMMA = YES;
				CLANG_WARN_CONSTANT_CONVERSION = YES;
				CLANG_WARN_DEPRECATED_OBJC_IMPLEMENTATIONS = YES;
				CLANG_WARN_DIRECT_OBJC_ISA_USAGE = YES_ERROR;
				CLANG_WARN_DOCUMENTATION_COMMENTS = YES;
				CLANG_WARN_EMPTY_BODY = YES;
				CLANG_WARN_ENUM_CONVERSION = YES;
				CLANG_WARN_INFINITE_RECURSION = YES;
				CLANG_WARN_INT_CONVERSION = YES;
				CLANG_WARN_NON_LITERAL_NULL_CONVERSION = YES;
				CLANG_WARN_OBJC_IMPLICIT_RETAIN_SELF = YES;
				CLANG_WARN_OBJC_LITERAL_CONVERSION = YES;
				CLANG_WARN_OBJC_ROOT_CLASS = YES_ERROR;
				CLANG_WARN_QUOTED_INCLUDE_IN_FRAMEWORK_HEADER = YES;
				CLANG_WARN_RANGE_LOOP_ANALYSIS = YES;
				CLANG_WARN_STRICT_PROTOTYPES = YES;
				CLANG_WARN_SUSPICIOUS_MOVE = YES;
				CLANG_WARN_UNGUARDED_AVAILABILITY = YES_AGGRESSIVE;
				CLANG_WARN_UNREACHABLE_CODE = YES;
				CLANG_WARN__DUPLICATE_METHOD_MATCH = YES;
				COPY_PHASE_STRIP = NO;
				DEBUG_INFORMATION_FORMAT = "dwarf-with-dsym";
				ENABLE_NS_ASSERTIONS = NO;
				ENABLE_STRICT_OBJC_MSGSEND = YES;
				GCC_C_LANGUAGE_STANDARD = gnu11;
				GCC_NO_COMMON_BLOCKS = YES;
				GCC_WARN_64_TO_32_BIT_CONVERSION = YES;
				GCC_WARN_ABOUT_RETURN_TYPE = YES_ERROR;
				GCC_WARN_UNDECLARED_SELECTOR = YES;
				GCC_WARN_UNINITIALIZED_AUTOS = YES_AGGRESSIVE;
				GCC_WARN_UNUSED_FUNCTION = YES;
				GCC_WARN_UNUSED_VARIABLE = YES;
				IPHONEOS_DEPLOYMENT_TARGET = 15.2;
				MTL_ENABLE_DEBUG_INFO = NO;
				MTL_FAST_MATH = YES;
				SDKROOT = iphoneos;
				SWIFT_COMPILATION_MODE = wholemodule;
				SWIFT_OPTIMIZATION_LEVEL = "-O";
				VALIDATE_PRODUCT = YES;
			};
			name = Release;
		};
		8CC5CF9B27BAC3EB00F60301 /* Debug */ = {
			isa = XCBuildConfiguration;
			buildSettings = {
				ASSETCATALOG_COMPILER_APPICON_NAME = AppIcon;
				ASSETCATALOG_COMPILER_GLOBAL_ACCENT_COLOR_NAME = AccentColor;
				CODE_SIGN_STYLE = Automatic;
				CURRENT_PROJECT_VERSION = 1;
				DEVELOPMENT_TEAM = 7BS98LAJM2;
				GENERATE_INFOPLIST_FILE = YES;
				INFOPLIST_FILE = CleanTranslator/Info.plist;
				INFOPLIST_KEY_UIApplicationSupportsIndirectInputEvents = YES;
				INFOPLIST_KEY_UILaunchStoryboardName = LaunchScreen;
				INFOPLIST_KEY_UIMainStoryboardFile = Main;
				INFOPLIST_KEY_UISupportedInterfaceOrientations_iPad = "UIInterfaceOrientationPortrait UIInterfaceOrientationPortraitUpsideDown UIInterfaceOrientationLandscapeLeft UIInterfaceOrientationLandscapeRight";
				INFOPLIST_KEY_UISupportedInterfaceOrientations_iPhone = "UIInterfaceOrientationPortrait UIInterfaceOrientationLandscapeLeft UIInterfaceOrientationLandscapeRight";
				LD_RUNPATH_SEARCH_PATHS = (
					"$(inherited)",
					"@executable_path/Frameworks",
				);
				MARKETING_VERSION = 1.0;
				PRODUCT_BUNDLE_IDENTIFIER = com.StasAnatskiy.CleanTranslator;
				PRODUCT_NAME = "$(TARGET_NAME)";
				SWIFT_EMIT_LOC_STRINGS = YES;
				SWIFT_VERSION = 5.0;
				TARGETED_DEVICE_FAMILY = "1,2";
			};
			name = Debug;
		};
		8CC5CF9C27BAC3EB00F60301 /* Release */ = {
			isa = XCBuildConfiguration;
			buildSettings = {
				ASSETCATALOG_COMPILER_APPICON_NAME = AppIcon;
				ASSETCATALOG_COMPILER_GLOBAL_ACCENT_COLOR_NAME = AccentColor;
				CODE_SIGN_STYLE = Automatic;
				CURRENT_PROJECT_VERSION = 1;
				DEVELOPMENT_TEAM = 7BS98LAJM2;
				GENERATE_INFOPLIST_FILE = YES;
				INFOPLIST_FILE = CleanTranslator/Info.plist;
				INFOPLIST_KEY_UIApplicationSupportsIndirectInputEvents = YES;
				INFOPLIST_KEY_UILaunchStoryboardName = LaunchScreen;
				INFOPLIST_KEY_UIMainStoryboardFile = Main;
				INFOPLIST_KEY_UISupportedInterfaceOrientations_iPad = "UIInterfaceOrientationPortrait UIInterfaceOrientationPortraitUpsideDown UIInterfaceOrientationLandscapeLeft UIInterfaceOrientationLandscapeRight";
				INFOPLIST_KEY_UISupportedInterfaceOrientations_iPhone = "UIInterfaceOrientationPortrait UIInterfaceOrientationLandscapeLeft UIInterfaceOrientationLandscapeRight";
				LD_RUNPATH_SEARCH_PATHS = (
					"$(inherited)",
					"@executable_path/Frameworks",
				);
				MARKETING_VERSION = 1.0;
				PRODUCT_BUNDLE_IDENTIFIER = com.StasAnatskiy.CleanTranslator;
				PRODUCT_NAME = "$(TARGET_NAME)";
				SWIFT_EMIT_LOC_STRINGS = YES;
				SWIFT_VERSION = 5.0;
				TARGETED_DEVICE_FAMILY = "1,2";
			};
			name = Release;
		};
		8CC5CF9E27BAC3EB00F60301 /* Debug */ = {
			isa = XCBuildConfiguration;
			buildSettings = {
				ALWAYS_EMBED_SWIFT_STANDARD_LIBRARIES = YES;
				BUNDLE_LOADER = "$(TEST_HOST)";
				CODE_SIGN_STYLE = Automatic;
				CURRENT_PROJECT_VERSION = 1;
				DEVELOPMENT_TEAM = 7BS98LAJM2;
				GENERATE_INFOPLIST_FILE = YES;
				IPHONEOS_DEPLOYMENT_TARGET = 15.2;
				MARKETING_VERSION = 1.0;
				PRODUCT_BUNDLE_IDENTIFIER = com.StasAnatskiy.CleanTranslatorTests;
				PRODUCT_NAME = "$(TARGET_NAME)";
				SWIFT_EMIT_LOC_STRINGS = NO;
				SWIFT_VERSION = 5.0;
				TARGETED_DEVICE_FAMILY = "1,2";
				TEST_HOST = "$(BUILT_PRODUCTS_DIR)/CleanTranslator.app/CleanTranslator";
			};
			name = Debug;
		};
		8CC5CF9F27BAC3EB00F60301 /* Release */ = {
			isa = XCBuildConfiguration;
			buildSettings = {
				ALWAYS_EMBED_SWIFT_STANDARD_LIBRARIES = YES;
				BUNDLE_LOADER = "$(TEST_HOST)";
				CODE_SIGN_STYLE = Automatic;
				CURRENT_PROJECT_VERSION = 1;
				DEVELOPMENT_TEAM = 7BS98LAJM2;
				GENERATE_INFOPLIST_FILE = YES;
				IPHONEOS_DEPLOYMENT_TARGET = 15.2;
				MARKETING_VERSION = 1.0;
				PRODUCT_BUNDLE_IDENTIFIER = com.StasAnatskiy.CleanTranslatorTests;
				PRODUCT_NAME = "$(TARGET_NAME)";
				SWIFT_EMIT_LOC_STRINGS = NO;
				SWIFT_VERSION = 5.0;
				TARGETED_DEVICE_FAMILY = "1,2";
				TEST_HOST = "$(BUILT_PRODUCTS_DIR)/CleanTranslator.app/CleanTranslator";
			};
			name = Release;
		};
		8CC5CFA127BAC3EB00F60301 /* Debug */ = {
			isa = XCBuildConfiguration;
			buildSettings = {
				ALWAYS_EMBED_SWIFT_STANDARD_LIBRARIES = YES;
				CODE_SIGN_STYLE = Automatic;
				CURRENT_PROJECT_VERSION = 1;
				DEVELOPMENT_TEAM = 7BS98LAJM2;
				GENERATE_INFOPLIST_FILE = YES;
				MARKETING_VERSION = 1.0;
				PRODUCT_BUNDLE_IDENTIFIER = com.StasAnatskiy.CleanTranslatorUITests;
				PRODUCT_NAME = "$(TARGET_NAME)";
				SWIFT_EMIT_LOC_STRINGS = NO;
				SWIFT_VERSION = 5.0;
				TARGETED_DEVICE_FAMILY = "1,2";
				TEST_TARGET_NAME = CleanTranslator;
			};
			name = Debug;
		};
		8CC5CFA227BAC3EB00F60301 /* Release */ = {
			isa = XCBuildConfiguration;
			buildSettings = {
				ALWAYS_EMBED_SWIFT_STANDARD_LIBRARIES = YES;
				CODE_SIGN_STYLE = Automatic;
				CURRENT_PROJECT_VERSION = 1;
				DEVELOPMENT_TEAM = 7BS98LAJM2;
				GENERATE_INFOPLIST_FILE = YES;
				MARKETING_VERSION = 1.0;
				PRODUCT_BUNDLE_IDENTIFIER = com.StasAnatskiy.CleanTranslatorUITests;
				PRODUCT_NAME = "$(TARGET_NAME)";
				SWIFT_EMIT_LOC_STRINGS = NO;
				SWIFT_VERSION = 5.0;
				TARGETED_DEVICE_FAMILY = "1,2";
				TEST_TARGET_NAME = CleanTranslator;
			};
			name = Release;
		};
/* End XCBuildConfiguration section */

/* Begin XCConfigurationList section */
		8CC5CF6B27BAC3E900F60301 /* Build configuration list for PBXProject "CleanTranslator" */ = {
			isa = XCConfigurationList;
			buildConfigurations = (
				8CC5CF9827BAC3EB00F60301 /* Debug */,
				8CC5CF9927BAC3EB00F60301 /* Release */,
			);
			defaultConfigurationIsVisible = 0;
			defaultConfigurationName = Release;
		};
		8CC5CF9A27BAC3EB00F60301 /* Build configuration list for PBXNativeTarget "CleanTranslator" */ = {
			isa = XCConfigurationList;
			buildConfigurations = (
				8CC5CF9B27BAC3EB00F60301 /* Debug */,
				8CC5CF9C27BAC3EB00F60301 /* Release */,
			);
			defaultConfigurationIsVisible = 0;
			defaultConfigurationName = Release;
		};
		8CC5CF9D27BAC3EB00F60301 /* Build configuration list for PBXNativeTarget "CleanTranslatorTests" */ = {
			isa = XCConfigurationList;
			buildConfigurations = (
				8CC5CF9E27BAC3EB00F60301 /* Debug */,
				8CC5CF9F27BAC3EB00F60301 /* Release */,
			);
			defaultConfigurationIsVisible = 0;
			defaultConfigurationName = Release;
		};
		8CC5CFA027BAC3EB00F60301 /* Build configuration list for PBXNativeTarget "CleanTranslatorUITests" */ = {
			isa = XCConfigurationList;
			buildConfigurations = (
				8CC5CFA127BAC3EB00F60301 /* Debug */,
				8CC5CFA227BAC3EB00F60301 /* Release */,
			);
			defaultConfigurationIsVisible = 0;
			defaultConfigurationName = Release;
		};
/* End XCConfigurationList section */
	};
	rootObject = 8CC5CF6827BAC3E900F60301 /* Project object */;
}
